
Microsoft Visual Studio Solution File, Format Version 12.00
# Visual Studio Version 17
VisualStudioVersion = 17.0.31912.275
MinimumVisualStudioVersion = 10.0.40219.1
Project("{FAE04EC0-301F-11D3-BF4B-00C04F79EFBC}") = "desafio Csharp", "desafio Csharp\desafio Csharp.csproj", "{BD12D171-EA4F-47F6-A550-75669AB5305E}"
EndProject
Global
	GlobalSection(SolutionConfigurationPlatforms) = preSolution
		Debug|Any CPU = Debug|Any CPU
		Release|Any CPU = Release|Any CPU
	EndGlobalSection
	GlobalSection(ProjectConfigurationPlatforms) = postSolution
		{BD12D171-EA4F-47F6-A550-75669AB5305E}.Debug|Any CPU.ActiveCfg = Debug|Any CPU
		{BD12D171-EA4F-47F6-A550-75669AB5305E}.Debug|Any CPU.Build.0 = Debug|Any CPU
		{BD12D171-EA4F-47F6-A550-75669AB5305E}.Release|Any CPU.ActiveCfg = Release|Any CPU
		{BD12D171-EA4F-47F6-A550-75669AB5305E}.Release|Any CPU.Build.0 = Release|Any CPU
	EndGlobalSection
	GlobalSection(SolutionProperties) = preSolution
		HideSolutionNode = FALSE
	EndGlobalSection
	GlobalSection(ExtensibilityGlobals) = postSolution
		SolutionGuid = {71BB7E95-13C2-450D-9973-FBA2F5C7EF5D}
	EndGlobalSection
EndGlobal
